https://tanzil.net/pub/download/index.php?marks=true&sajdah=true&rub=true&quranType=uthmani&outType=txt-2&agree=true 4b91f9e6e8ac645d039e4ed85b3be492e795232a31cd22d668ac58238722e26f
https://tanzil.net/res/text/metadata/quran-data.xml 8867c1d88191472adec9db694b3cd9f135b1a2ef580574d32cf888dcb22c5c7a
https://tanzil.net/trans/?transID=fr.hamidullah&type=txt-2 9834cfcd14b506a6c0223d86ac259e896f2bfb44c0823d83d827c27ffea57f03
https://tanzil.net/trans/?transID=en.sahih&type=txt-2 a1778a1a56695d9b59ae910809ec46d9f4a55f05961de51cd56e6ebcf9040883
